// !$*UTF8*$!
{
	archiveVersion = 1;
	classes = {
	};
	objectVersion = 46;
	objects = {

/* Begin PBXBuildFile section */
		4AC95E5E1FBD165D00ABE415 /* aggregate_crop2gcam.c in Sources */ = {isa = PBXBuildFile; fileRef = 4AC95E251FBD165D00ABE415 /* aggregate_crop2gcam.c */; };
		4AC95E5F1FBD165D00ABE415 /* aggregate_use2gcam.c in Sources */ = {isa = PBXBuildFile; fileRef = 4AC95E261FBD165D00ABE415 /* aggregate_use2gcam.c */; };
		4AC95E601FBD165D00ABE415 /* calc_harvarea_prod_out_crop_aez.c in Sources */ = {isa = PBXBuildFile; fileRef = 4AC95E271FBD165D00ABE415 /* calc_harvarea_prod_out_crop_aez.c */; };
		4AC95E611FBD165D00ABE415 /* calc_potveg_area.c in Sources */ = {isa = PBXBuildFile; fileRef = 4AC95E281FBD165D00ABE415 /* calc_potveg_area.c */; };
		4AC95E621FBD165D00ABE415 /* calc_rent_ag_use_aez.c in Sources */ = {isa = PBXBuildFile; fileRef = 4AC95E291FBD165D00ABE415 /* calc_rent_ag_use_aez.c */; };
		4AC95E631FBD165D00ABE415 /* calc_rent_frs_use_aez.c in Sources */ = {isa = PBXBuildFile; fileRef = 4AC95E2A1FBD165D00ABE415 /* calc_rent_frs_use_aez.c */; };
		4AC95E641FBD165D00ABE415 /* copy_to_destpath.c in Sources */ = {isa = PBXBuildFile; fileRef = 4AC95E2B1FBD165D00ABE415 /* copy_to_destpath.c */; };
		4AC95E651FBD165D00ABE415 /* get_aez_val.c in Sources */ = {isa = PBXBuildFile; fileRef = 4AC95E2C1FBD165D00ABE415 /* get_aez_val.c */; };
		4AC95E661FBD165D00ABE415 /* get_cell_area.c in Sources */ = {isa = PBXBuildFile; fileRef = 4AC95E2D1FBD165D00ABE415 /* get_cell_area.c */; };
		4AC95E671FBD165D00ABE415 /* get_in_args.c in Sources */ = {isa = PBXBuildFile; fileRef = 4AC95E2E1FBD165D00ABE415 /* get_in_args.c */; };
		4AC95E681FBD165D00ABE415 /* get_land_cells.c in Sources */ = {isa = PBXBuildFile; fileRef = 4AC95E2F1FBD165D00ABE415 /* get_land_cells.c */; };
		4AC95E691FBD165D00ABE415 /* get_systime.c in Sources */ = {isa = PBXBuildFile; fileRef = 4AC95E301FBD165D00ABE415 /* get_systime.c */; };
		4AC95E6A1FBD165D00ABE415 /* init_lds.c in Sources */ = {isa = PBXBuildFile; fileRef = 4AC95E311FBD165D00ABE415 /* init_lds.c */; };
		4AC95E6B1FBD165D00ABE415 /* lds_main.c in Sources */ = {isa = PBXBuildFile; fileRef = 4AC95E321FBD165D00ABE415 /* lds_main.c */; };
		4AC95E6C1FBD165D00ABE415 /* parse_utils.c in Sources */ = {isa = PBXBuildFile; fileRef = 4AC95E331FBD165D00ABE415 /* parse_utils.c */; };
		4AC95E6D1FBD165D00ABE415 /* proc_land_type_area.c in Sources */ = {isa = PBXBuildFile; fileRef = 4AC95E341FBD165D00ABE415 /* proc_land_type_area.c */; };
		4AC95E6E1FBD165D00ABE415 /* proc_mirca.c in Sources */ = {isa = PBXBuildFile; fileRef = 4AC95E351FBD165D00ABE415 /* proc_mirca.c */; };
		4AC95E701FBD165D00ABE415 /* proc_potveg_carbon.c in Sources */ = {isa = PBXBuildFile; fileRef = 4AC95E371FBD165D00ABE415 /* proc_potveg_carbon.c */; };
		4AC95E711FBD165D00ABE415 /* proc_water_footprint.c in Sources */ = {isa = PBXBuildFile; fileRef = 4AC95E381FBD165D00ABE415 /* proc_water_footprint.c */; };
		4AC95E721FBD165D00ABE415 /* read_aez_new.c in Sources */ = {isa = PBXBuildFile; fileRef = 4AC95E391FBD165D00ABE415 /* read_aez_new.c */; };
		4AC95E731FBD165D00ABE415 /* read_aez_new_info.c in Sources */ = {isa = PBXBuildFile; fileRef = 4AC95E3A1FBD165D00ABE415 /* read_aez_new_info.c */; };
		4AC95E741FBD165D00ABE415 /* read_aez_orig.c in Sources */ = {isa = PBXBuildFile; fileRef = 4AC95E3B1FBD165D00ABE415 /* read_aez_orig.c */; };
		4AC95E751FBD165D00ABE415 /* read_country87_info.c in Sources */ = {isa = PBXBuildFile; fileRef = 4AC95E3C1FBD165D00ABE415 /* read_country87_info.c */; };
		4AC95E761FBD165D00ABE415 /* read_country_fao.c in Sources */ = {isa = PBXBuildFile; fileRef = 4AC95E3D1FBD165D00ABE415 /* read_country_fao.c */; };
		4AC95E771FBD165D00ABE415 /* read_country_info_all.c in Sources */ = {isa = PBXBuildFile; fileRef = 4AC95E3E1FBD165D00ABE415 /* read_country_info_all.c */; };
		4AC95E781FBD165D00ABE415 /* read_crop_info.c in Sources */ = {isa = PBXBuildFile; fileRef = 4AC95E3F1FBD165D00ABE415 /* read_crop_info.c */; };
		4AC95E791FBD165D00ABE415 /* read_harvestarea_fao.c in Sources */ = {isa = PBXBuildFile; fileRef = 4AC95E401FBD165D00ABE415 /* read_harvestarea_fao.c */; };
		4AC95E7A1FBD165D00ABE415 /* read_land_area_hyde.c in Sources */ = {isa = PBXBuildFile; fileRef = 4AC95E411FBD165D00ABE415 /* read_land_area_hyde.c */; };
		4AC95E7B1FBD165D00ABE415 /* read_land_area_sage.c in Sources */ = {isa = PBXBuildFile; fileRef = 4AC95E421FBD165D00ABE415 /* read_land_area_sage.c */; };
		4AC95E7C1FBD165D00ABE415 /* read_lt_info_sage.c in Sources */ = {isa = PBXBuildFile; fileRef = 4AC95E431FBD165D00ABE415 /* read_lt_info_sage.c */; };
		4AC95E7D1FBD165D00ABE415 /* read_lu_hyde.c in Sources */ = {isa = PBXBuildFile; fileRef = 4AC95E441FBD165D00ABE415 /* read_lu_hyde.c */; };
		4AC95E7E1FBD165D00ABE415 /* read_mirca.c in Sources */ = {isa = PBXBuildFile; fileRef = 4AC95E451FBD165D00ABE415 /* read_mirca.c */; };
		4AC95E801FBD165D00ABE415 /* read_potveg.c in Sources */ = {isa = PBXBuildFile; fileRef = 4AC95E471FBD165D00ABE415 /* read_potveg.c */; };
		4AC95E811FBD165D00ABE415 /* read_prodprice_fao.c in Sources */ = {isa = PBXBuildFile; fileRef = 4AC95E481FBD165D00ABE415 /* read_prodprice_fao.c */; };
		4AC95E821FBD165E00ABE415 /* read_production_fao.c in Sources */ = {isa = PBXBuildFile; fileRef = 4AC95E491FBD165D00ABE415 /* read_production_fao.c */; };
		4AC95E831FBD165E00ABE415 /* read_protected.c in Sources */ = {isa = PBXBuildFile; fileRef = 4AC95E4A1FBD165D00ABE415 /* read_protected.c */; };
		4AC95E841FBD165E00ABE415 /* read_region_info_gcam.c in Sources */ = {isa = PBXBuildFile; fileRef = 4AC95E4B1FBD165D00ABE415 /* read_region_info_gcam.c */; };
		4AC95E851FBD165E00ABE415 /* read_rent_orig.c in Sources */ = {isa = PBXBuildFile; fileRef = 4AC95E4C1FBD165D00ABE415 /* read_rent_orig.c */; };
		4AC95E861FBD165E00ABE415 /* read_sage_crop.c in Sources */ = {isa = PBXBuildFile; fileRef = 4AC95E4D1FBD165D00ABE415 /* read_sage_crop.c */; };
		4AC95E871FBD165E00ABE415 /* read_soil_carbon.c in Sources */ = {isa = PBXBuildFile; fileRef = 4AC95E4E1FBD165D00ABE415 /* read_soil_carbon.c */; };
		4AC95E881FBD165E00ABE415 /* read_use_info_gtap.c in Sources */ = {isa = PBXBuildFile; fileRef = 4AC95E4F1FBD165D00ABE415 /* read_use_info_gtap.c */; };
		4AC95E891FBD165E00ABE415 /* read_veg_carbon.c in Sources */ = {isa = PBXBuildFile; fileRef = 4AC95E501FBD165D00ABE415 /* read_veg_carbon.c */; };
		4AC95E8A1FBD165E00ABE415 /* read_water_footprint.c in Sources */ = {isa = PBXBuildFile; fileRef = 4AC95E511FBD165D00ABE415 /* read_water_footprint.c */; };
		4AC95E8B1FBD165E00ABE415 /* read_yield_fao.c in Sources */ = {isa = PBXBuildFile; fileRef = 4AC95E521FBD165D00ABE415 /* read_yield_fao.c */; };
		4AC95E8C1FBD165E00ABE415 /* write_csv_float2d.c in Sources */ = {isa = PBXBuildFile; fileRef = 4AC95E531FBD165D00ABE415 /* write_csv_float2d.c */; };
		4AC95E8D1FBD165E00ABE415 /* write_csv_float3d.c in Sources */ = {isa = PBXBuildFile; fileRef = 4AC95E541FBD165D00ABE415 /* write_csv_float3d.c */; };
		4AC95E8E1FBD165E00ABE415 /* write_gcam_lut.c in Sources */ = {isa = PBXBuildFile; fileRef = 4AC95E551FBD165D00ABE415 /* write_gcam_lut.c */; };
		4AC95E8F1FBD165E00ABE415 /* write_harvestarea_crop_aez.c in Sources */ = {isa = PBXBuildFile; fileRef = 4AC95E561FBD165D00ABE415 /* write_harvestarea_crop_aez.c */; };
		4AC95E901FBD165E00ABE415 /* write_production_crop_aez.c in Sources */ = {isa = PBXBuildFile; fileRef = 4AC95E571FBD165D00ABE415 /* write_production_crop_aez.c */; };
		4AC95E911FBD165E00ABE415 /* write_raster_float.c in Sources */ = {isa = PBXBuildFile; fileRef = 4AC95E581FBD165D00ABE415 /* write_raster_float.c */; };
		4AC95E921FBD165E00ABE415 /* write_raster_int.c in Sources */ = {isa = PBXBuildFile; fileRef = 4AC95E591FBD165D00ABE415 /* write_raster_int.c */; };
		4AC95E931FBD165E00ABE415 /* write_raster_short.c in Sources */ = {isa = PBXBuildFile; fileRef = 4AC95E5A1FBD165D00ABE415 /* write_raster_short.c */; };
		4AC95E941FBD165E00ABE415 /* write_rent_use_aez.c in Sources */ = {isa = PBXBuildFile; fileRef = 4AC95E5B1FBD165D00ABE415 /* write_rent_use_aez.c */; };
		4AC95E951FBD165E00ABE415 /* write_text_char.c in Sources */ = {isa = PBXBuildFile; fileRef = 4AC95E5C1FBD165D00ABE415 /* write_text_char.c */; };
		4AC95E961FBD165E00ABE415 /* write_text_int.c in Sources */ = {isa = PBXBuildFile; fileRef = 4AC95E5D1FBD165D00ABE415 /* write_text_int.c */; };
/* End PBXBuildFile section */

/* Begin PBXCopyFilesBuildPhase section */
		8DD76FAF0486AB0100D96B5E /* CopyFiles */ = {
			isa = PBXCopyFilesBuildPhase;
			buildActionMask = 8;
			dstPath = /usr/share/man/man1/;
			dstSubfolderSpec = 0;
			files = (
			);
			runOnlyForDeploymentPostprocessing = 1;
		};
/* End PBXCopyFilesBuildPhase section */

/* Begin PBXFileReference section */
		4A1E64EB1FBCDEC60009D173 /* README.md */ = {isa = PBXFileReference; lastKnownFileType = net.daringfireball.markdown; path = README.md; sourceTree = "<group>"; };
		4A710E3E1FBD090500BB91B4 /* diagnostics */ = {isa = PBXFileReference; lastKnownFileType = folder; path = diagnostics; sourceTree = "<group>"; };
		4A710E401FBD0A3400BB91B4 /* docs */ = {isa = PBXFileReference; lastKnownFileType = folder; path = docs; sourceTree = "<group>"; };
		4A8E21B81C8E3DE5007DBF74 /* makefile */ = {isa = PBXFileReference; fileEncoding = 4; lastKnownFileType = sourcecode.make; path = makefile; sourceTree = "<group>"; };
		4A98F1181BB31FBA005E7B9D /* indata */ = {isa = PBXFileReference; lastKnownFileType = folder; path = indata; sourceTree = "<group>"; };
		4AC95D3B1FBD119300ABE415 /* include */ = {isa = PBXFileReference; lastKnownFileType = folder; path = include; sourceTree = "<group>"; };
		4AC95E251FBD165D00ABE415 /* aggregate_crop2gcam.c */ = {isa = PBXFileReference; fileEncoding = 4; lastKnownFileType = sourcecode.c.c; path = aggregate_crop2gcam.c; sourceTree = "<group>"; };
		4AC95E261FBD165D00ABE415 /* aggregate_use2gcam.c */ = {isa = PBXFileReference; fileEncoding = 4; lastKnownFileType = sourcecode.c.c; path = aggregate_use2gcam.c; sourceTree = "<group>"; };
		4AC95E271FBD165D00ABE415 /* calc_harvarea_prod_out_crop_aez.c */ = {isa = PBXFileReference; fileEncoding = 4; lastKnownFileType = sourcecode.c.c; path = calc_harvarea_prod_out_crop_aez.c; sourceTree = "<group>"; };
		4AC95E281FBD165D00ABE415 /* calc_potveg_area.c */ = {isa = PBXFileReference; fileEncoding = 4; lastKnownFileType = sourcecode.c.c; path = calc_potveg_area.c; sourceTree = "<group>"; };
		4AC95E291FBD165D00ABE415 /* calc_rent_ag_use_aez.c */ = {isa = PBXFileReference; fileEncoding = 4; lastKnownFileType = sourcecode.c.c; path = calc_rent_ag_use_aez.c; sourceTree = "<group>"; };
		4AC95E2A1FBD165D00ABE415 /* calc_rent_frs_use_aez.c */ = {isa = PBXFileReference; fileEncoding = 4; lastKnownFileType = sourcecode.c.c; path = calc_rent_frs_use_aez.c; sourceTree = "<group>"; };
		4AC95E2B1FBD165D00ABE415 /* copy_to_destpath.c */ = {isa = PBXFileReference; fileEncoding = 4; lastKnownFileType = sourcecode.c.c; path = copy_to_destpath.c; sourceTree = "<group>"; };
		4AC95E2C1FBD165D00ABE415 /* get_aez_val.c */ = {isa = PBXFileReference; fileEncoding = 4; lastKnownFileType = sourcecode.c.c; path = get_aez_val.c; sourceTree = "<group>"; };
		4AC95E2D1FBD165D00ABE415 /* get_cell_area.c */ = {isa = PBXFileReference; fileEncoding = 4; lastKnownFileType = sourcecode.c.c; path = get_cell_area.c; sourceTree = "<group>"; };
		4AC95E2E1FBD165D00ABE415 /* get_in_args.c */ = {isa = PBXFileReference; fileEncoding = 4; lastKnownFileType = sourcecode.c.c; path = get_in_args.c; sourceTree = "<group>"; };
		4AC95E2F1FBD165D00ABE415 /* get_land_cells.c */ = {isa = PBXFileReference; fileEncoding = 4; lastKnownFileType = sourcecode.c.c; path = get_land_cells.c; sourceTree = "<group>"; };
		4AC95E301FBD165D00ABE415 /* get_systime.c */ = {isa = PBXFileReference; fileEncoding = 4; lastKnownFileType = sourcecode.c.c; path = get_systime.c; sourceTree = "<group>"; };
		4AC95E311FBD165D00ABE415 /* init_lds.c */ = {isa = PBXFileReference; fileEncoding = 4; lastKnownFileType = sourcecode.c.c; path = init_lds.c; sourceTree = "<group>"; };
		4AC95E321FBD165D00ABE415 /* lds_main.c */ = {isa = PBXFileReference; fileEncoding = 4; lastKnownFileType = sourcecode.c.c; path = lds_main.c; sourceTree = "<group>"; };
		4AC95E331FBD165D00ABE415 /* parse_utils.c */ = {isa = PBXFileReference; fileEncoding = 4; lastKnownFileType = sourcecode.c.c; path = parse_utils.c; sourceTree = "<group>"; };
		4AC95E341FBD165D00ABE415 /* proc_land_type_area.c */ = {isa = PBXFileReference; fileEncoding = 4; lastKnownFileType = sourcecode.c.c; path = proc_land_type_area.c; sourceTree = "<group>"; };
		4AC95E351FBD165D00ABE415 /* proc_mirca.c */ = {isa = PBXFileReference; fileEncoding = 4; lastKnownFileType = sourcecode.c.c; path = proc_mirca.c; sourceTree = "<group>"; };
		4AC95E361FBD165D00ABE415 /* proc_nfert.c */ = {isa = PBXFileReference; fileEncoding = 4; lastKnownFileType = sourcecode.c.c; path = proc_nfert.c; sourceTree = "<group>"; };
		4AC95E371FBD165D00ABE415 /* proc_potveg_carbon.c */ = {isa = PBXFileReference; fileEncoding = 4; lastKnownFileType = sourcecode.c.c; path = proc_potveg_carbon.c; sourceTree = "<group>"; };
		4AC95E381FBD165D00ABE415 /* proc_water_footprint.c */ = {isa = PBXFileReference; fileEncoding = 4; lastKnownFileType = sourcecode.c.c; path = proc_water_footprint.c; sourceTree = "<group>"; };
		4AC95E391FBD165D00ABE415 /* read_aez_new.c */ = {isa = PBXFileReference; fileEncoding = 4; lastKnownFileType = sourcecode.c.c; path = read_aez_new.c; sourceTree = "<group>"; };
		4AC95E3A1FBD165D00ABE415 /* read_aez_new_info.c */ = {isa = PBXFileReference; fileEncoding = 4; lastKnownFileType = sourcecode.c.c; path = read_aez_new_info.c; sourceTree = "<group>"; };
		4AC95E3B1FBD165D00ABE415 /* read_aez_orig.c */ = {isa = PBXFileReference; fileEncoding = 4; lastKnownFileType = sourcecode.c.c; path = read_aez_orig.c; sourceTree = "<group>"; };
		4AC95E3C1FBD165D00ABE415 /* read_country87_info.c */ = {isa = PBXFileReference; fileEncoding = 4; lastKnownFileType = sourcecode.c.c; path = read_country87_info.c; sourceTree = "<group>"; };
		4AC95E3D1FBD165D00ABE415 /* read_country_fao.c */ = {isa = PBXFileReference; fileEncoding = 4; lastKnownFileType = sourcecode.c.c; path = read_country_fao.c; sourceTree = "<group>"; };
		4AC95E3E1FBD165D00ABE415 /* read_country_info_all.c */ = {isa = PBXFileReference; fileEncoding = 4; lastKnownFileType = sourcecode.c.c; path = read_country_info_all.c; sourceTree = "<group>"; };
		4AC95E3F1FBD165D00ABE415 /* read_crop_info.c */ = {isa = PBXFileReference; fileEncoding = 4; lastKnownFileType = sourcecode.c.c; path = read_crop_info.c; sourceTree = "<group>"; };
		4AC95E401FBD165D00ABE415 /* read_harvestarea_fao.c */ = {isa = PBXFileReference; fileEncoding = 4; lastKnownFileType = sourcecode.c.c; path = read_harvestarea_fao.c; sourceTree = "<group>"; };
		4AC95E411FBD165D00ABE415 /* read_land_area_hyde.c */ = {isa = PBXFileReference; fileEncoding = 4; lastKnownFileType = sourcecode.c.c; path = read_land_area_hyde.c; sourceTree = "<group>"; };
		4AC95E421FBD165D00ABE415 /* read_land_area_sage.c */ = {isa = PBXFileReference; fileEncoding = 4; lastKnownFileType = sourcecode.c.c; path = read_land_area_sage.c; sourceTree = "<group>"; };
		4AC95E431FBD165D00ABE415 /* read_lt_info_sage.c */ = {isa = PBXFileReference; fileEncoding = 4; lastKnownFileType = sourcecode.c.c; path = read_lt_info_sage.c; sourceTree = "<group>"; };
		4AC95E441FBD165D00ABE415 /* read_lu_hyde.c */ = {isa = PBXFileReference; fileEncoding = 4; lastKnownFileType = sourcecode.c.c; path = read_lu_hyde.c; sourceTree = "<group>"; };
		4AC95E451FBD165D00ABE415 /* read_mirca.c */ = {isa = PBXFileReference; fileEncoding = 4; lastKnownFileType = sourcecode.c.c; path = read_mirca.c; sourceTree = "<group>"; };
		4AC95E461FBD165D00ABE415 /* read_nfert.c */ = {isa = PBXFileReference; fileEncoding = 4; lastKnownFileType = sourcecode.c.c; path = read_nfert.c; sourceTree = "<group>"; };
		4AC95E471FBD165D00ABE415 /* read_potveg.c */ = {isa = PBXFileReference; fileEncoding = 4; lastKnownFileType = sourcecode.c.c; path = read_potveg.c; sourceTree = "<group>"; };
		4AC95E481FBD165D00ABE415 /* read_prodprice_fao.c */ = {isa = PBXFileReference; fileEncoding = 4; lastKnownFileType = sourcecode.c.c; path = read_prodprice_fao.c; sourceTree = "<group>"; };
		4AC95E491FBD165D00ABE415 /* read_production_fao.c */ = {isa = PBXFileReference; fileEncoding = 4; lastKnownFileType = sourcecode.c.c; path = read_production_fao.c; sourceTree = "<group>"; };
		4AC95E4A1FBD165D00ABE415 /* read_protected.c */ = {isa = PBXFileReference; fileEncoding = 4; lastKnownFileType = sourcecode.c.c; path = read_protected.c; sourceTree = "<group>"; };
		4AC95E4B1FBD165D00ABE415 /* read_region_info_gcam.c */ = {isa = PBXFileReference; fileEncoding = 4; lastKnownFileType = sourcecode.c.c; path = read_region_info_gcam.c; sourceTree = "<group>"; };
		4AC95E4C1FBD165D00ABE415 /* read_rent_orig.c */ = {isa = PBXFileReference; fileEncoding = 4; lastKnownFileType = sourcecode.c.c; path = read_rent_orig.c; sourceTree = "<group>"; };
		4AC95E4D1FBD165D00ABE415 /* read_sage_crop.c */ = {isa = PBXFileReference; fileEncoding = 4; lastKnownFileType = sourcecode.c.c; path = read_sage_crop.c; sourceTree = "<group>"; };
		4AC95E4E1FBD165D00ABE415 /* read_soil_carbon.c */ = {isa = PBXFileReference; fileEncoding = 4; lastKnownFileType = sourcecode.c.c; path = read_soil_carbon.c; sourceTree = "<group>"; };
		4AC95E4F1FBD165D00ABE415 /* read_use_info_gtap.c */ = {isa = PBXFileReference; fileEncoding = 4; lastKnownFileType = sourcecode.c.c; path = read_use_info_gtap.c; sourceTree = "<group>"; };
		4AC95E501FBD165D00ABE415 /* read_veg_carbon.c */ = {isa = PBXFileReference; fileEncoding = 4; lastKnownFileType = sourcecode.c.c; path = read_veg_carbon.c; sourceTree = "<group>"; };
		4AC95E511FBD165D00ABE415 /* read_water_footprint.c */ = {isa = PBXFileReference; fileEncoding = 4; lastKnownFileType = sourcecode.c.c; path = read_water_footprint.c; sourceTree = "<group>"; };
		4AC95E521FBD165D00ABE415 /* read_yield_fao.c */ = {isa = PBXFileReference; fileEncoding = 4; lastKnownFileType = sourcecode.c.c; path = read_yield_fao.c; sourceTree = "<group>"; };
		4AC95E531FBD165D00ABE415 /* write_csv_float2d.c */ = {isa = PBXFileReference; fileEncoding = 4; lastKnownFileType = sourcecode.c.c; path = write_csv_float2d.c; sourceTree = "<group>"; };
		4AC95E541FBD165D00ABE415 /* write_csv_float3d.c */ = {isa = PBXFileReference; fileEncoding = 4; lastKnownFileType = sourcecode.c.c; path = write_csv_float3d.c; sourceTree = "<group>"; };
		4AC95E551FBD165D00ABE415 /* write_gcam_lut.c */ = {isa = PBXFileReference; fileEncoding = 4; lastKnownFileType = sourcecode.c.c; path = write_gcam_lut.c; sourceTree = "<group>"; };
		4AC95E561FBD165D00ABE415 /* write_harvestarea_crop_aez.c */ = {isa = PBXFileReference; fileEncoding = 4; lastKnownFileType = sourcecode.c.c; path = write_harvestarea_crop_aez.c; sourceTree = "<group>"; };
		4AC95E571FBD165D00ABE415 /* write_production_crop_aez.c */ = {isa = PBXFileReference; fileEncoding = 4; lastKnownFileType = sourcecode.c.c; path = write_production_crop_aez.c; sourceTree = "<group>"; };
		4AC95E581FBD165D00ABE415 /* write_raster_float.c */ = {isa = PBXFileReference; fileEncoding = 4; lastKnownFileType = sourcecode.c.c; path = write_raster_float.c; sourceTree = "<group>"; };
		4AC95E591FBD165D00ABE415 /* write_raster_int.c */ = {isa = PBXFileReference; fileEncoding = 4; lastKnownFileType = sourcecode.c.c; path = write_raster_int.c; sourceTree = "<group>"; };
		4AC95E5A1FBD165D00ABE415 /* write_raster_short.c */ = {isa = PBXFileReference; fileEncoding = 4; lastKnownFileType = sourcecode.c.c; path = write_raster_short.c; sourceTree = "<group>"; };
		4AC95E5B1FBD165D00ABE415 /* write_rent_use_aez.c */ = {isa = PBXFileReference; fileEncoding = 4; lastKnownFileType = sourcecode.c.c; path = write_rent_use_aez.c; sourceTree = "<group>"; };
		4AC95E5C1FBD165D00ABE415 /* write_text_char.c */ = {isa = PBXFileReference; fileEncoding = 4; lastKnownFileType = sourcecode.c.c; path = write_text_char.c; sourceTree = "<group>"; };
		4AC95E5D1FBD165D00ABE415 /* write_text_int.c */ = {isa = PBXFileReference; fileEncoding = 4; lastKnownFileType = sourcecode.c.c; path = write_text_int.c; sourceTree = "<group>"; };
		4AE9B6FF1FBE338700C9BE8B /* input_files */ = {isa = PBXFileReference; lastKnownFileType = folder; path = input_files; sourceTree = "<group>"; };
		8DD76FB20486AB0100D96B5E /* lds */ = {isa = PBXFileReference; explicitFileType = "compiled.mach-o.executable"; includeInIndex = 0; path = lds; sourceTree = BUILT_PRODUCTS_DIR; };
/* End PBXFileReference section */

/* Begin PBXFrameworksBuildPhase section */
		8DD76FAD0486AB0100D96B5E /* Frameworks */ = {
			isa = PBXFrameworksBuildPhase;
			buildActionMask = 2147483647;
			files = (
			);
			runOnlyForDeploymentPostprocessing = 0;
		};
/* End PBXFrameworksBuildPhase section */

/* Begin PBXGroup section */
		08FB7794FE84155DC02AAC07 /* genaez */ = {
			isa = PBXGroup;
			children = (
				4A710E3E1FBD090500BB91B4 /* diagnostics */,
				4A710E401FBD0A3400BB91B4 /* docs */,
				4AC95D3B1FBD119300ABE415 /* include */,
				4A98F1181BB31FBA005E7B9D /* indata */,
				4AE9B6FF1FBE338700C9BE8B /* input_files */,
				1AB674ADFE9D54B511CA2CBB /* lds */,
				4A8E21B81C8E3DE5007DBF74 /* makefile */,
				4A1E64EB1FBCDEC60009D173 /* README.md */,
				4AC95E241FBD165D00ABE415 /* src */,
			);
			name = genaez;
			sourceTree = "<group>";
		};
		1AB674ADFE9D54B511CA2CBB /* lds */ = {
			isa = PBXGroup;
			children = (
				8DD76FB20486AB0100D96B5E /* lds */,
			);
			name = lds;
			sourceTree = "<group>";
		};
		4AC95E241FBD165D00ABE415 /* src */ = {
			isa = PBXGroup;
			children = (
				4AC95E251FBD165D00ABE415 /* aggregate_crop2gcam.c */,
				4AC95E261FBD165D00ABE415 /* aggregate_use2gcam.c */,
				4AC95E271FBD165D00ABE415 /* calc_harvarea_prod_out_crop_aez.c */,
				4AC95E281FBD165D00ABE415 /* calc_potveg_area.c */,
				4AC95E291FBD165D00ABE415 /* calc_rent_ag_use_aez.c */,
				4AC95E2A1FBD165D00ABE415 /* calc_rent_frs_use_aez.c */,
				4AC95E2B1FBD165D00ABE415 /* copy_to_destpath.c */,
				4AC95E2C1FBD165D00ABE415 /* get_aez_val.c */,
				4AC95E2D1FBD165D00ABE415 /* get_cell_area.c */,
				4AC95E2E1FBD165D00ABE415 /* get_in_args.c */,
				4AC95E2F1FBD165D00ABE415 /* get_land_cells.c */,
				4AC95E301FBD165D00ABE415 /* get_systime.c */,
				4AC95E311FBD165D00ABE415 /* init_lds.c */,
				4AC95E321FBD165D00ABE415 /* lds_main.c */,
				4AC95E331FBD165D00ABE415 /* parse_utils.c */,
				4AC95E341FBD165D00ABE415 /* proc_land_type_area.c */,
				4AC95E351FBD165D00ABE415 /* proc_mirca.c */,
				4AC95E361FBD165D00ABE415 /* proc_nfert.c */,
				4AC95E371FBD165D00ABE415 /* proc_potveg_carbon.c */,
				4AC95E381FBD165D00ABE415 /* proc_water_footprint.c */,
				4AC95E391FBD165D00ABE415 /* read_aez_new.c */,
				4AC95E3A1FBD165D00ABE415 /* read_aez_new_info.c */,
				4AC95E3B1FBD165D00ABE415 /* read_aez_orig.c */,
				4AC95E3C1FBD165D00ABE415 /* read_country87_info.c */,
				4AC95E3D1FBD165D00ABE415 /* read_country_fao.c */,
				4AC95E3E1FBD165D00ABE415 /* read_country_info_all.c */,
				4AC95E3F1FBD165D00ABE415 /* read_crop_info.c */,
				4AC95E401FBD165D00ABE415 /* read_harvestarea_fao.c */,
				4AC95E411FBD165D00ABE415 /* read_land_area_hyde.c */,
				4AC95E421FBD165D00ABE415 /* read_land_area_sage.c */,
				4AC95E431FBD165D00ABE415 /* read_lt_info_sage.c */,
				4AC95E441FBD165D00ABE415 /* read_lu_hyde.c */,
				4AC95E451FBD165D00ABE415 /* read_mirca.c */,
				4AC95E461FBD165D00ABE415 /* read_nfert.c */,
				4AC95E471FBD165D00ABE415 /* read_potveg.c */,
				4AC95E481FBD165D00ABE415 /* read_prodprice_fao.c */,
				4AC95E491FBD165D00ABE415 /* read_production_fao.c */,
				4AC95E4A1FBD165D00ABE415 /* read_protected.c */,
				4AC95E4B1FBD165D00ABE415 /* read_region_info_gcam.c */,
				4AC95E4C1FBD165D00ABE415 /* read_rent_orig.c */,
				4AC95E4D1FBD165D00ABE415 /* read_sage_crop.c */,
				4AC95E4E1FBD165D00ABE415 /* read_soil_carbon.c */,
				4AC95E4F1FBD165D00ABE415 /* read_use_info_gtap.c */,
				4AC95E501FBD165D00ABE415 /* read_veg_carbon.c */,
				4AC95E511FBD165D00ABE415 /* read_water_footprint.c */,
				4AC95E521FBD165D00ABE415 /* read_yield_fao.c */,
				4AC95E531FBD165D00ABE415 /* write_csv_float2d.c */,
				4AC95E541FBD165D00ABE415 /* write_csv_float3d.c */,
				4AC95E551FBD165D00ABE415 /* write_gcam_lut.c */,
				4AC95E561FBD165D00ABE415 /* write_harvestarea_crop_aez.c */,
				4AC95E571FBD165D00ABE415 /* write_production_crop_aez.c */,
				4AC95E581FBD165D00ABE415 /* write_raster_float.c */,
				4AC95E591FBD165D00ABE415 /* write_raster_int.c */,
				4AC95E5A1FBD165D00ABE415 /* write_raster_short.c */,
				4AC95E5B1FBD165D00ABE415 /* write_rent_use_aez.c */,
				4AC95E5C1FBD165D00ABE415 /* write_text_char.c */,
				4AC95E5D1FBD165D00ABE415 /* write_text_int.c */,
			);
			path = src;
			sourceTree = "<group>";
		};
/* End PBXGroup section */

/* Begin PBXNativeTarget section */
		8DD76FA90486AB0100D96B5E /* lds */ = {
			isa = PBXNativeTarget;
			buildConfigurationList = 1DEB928508733DD80010E9CD /* Build configuration list for PBXNativeTarget "lds" */;
			buildPhases = (
				8DD76FAB0486AB0100D96B5E /* Sources */,
				8DD76FAD0486AB0100D96B5E /* Frameworks */,
				8DD76FAF0486AB0100D96B5E /* CopyFiles */,
			);
			buildRules = (
			);
			dependencies = (
			);
			name = lds;
			productInstallPath = "$(HOME)/bin";
			productName = genaez;
			productReference = 8DD76FB20486AB0100D96B5E /* lds */;
			productType = "com.apple.product-type.tool";
		};
/* End PBXNativeTarget section */

/* Begin PBXProject section */
		08FB7793FE84155DC02AAC07 /* Project object */ = {
			isa = PBXProject;
			attributes = {
				LastUpgradeCheck = 0710;
			};
			buildConfigurationList = 1DEB928908733DD80010E9CD /* Build configuration list for PBXProject "lds" */;
			compatibilityVersion = "Xcode 3.2";
			developmentRegion = English;
			hasScannedForEncodings = 1;
			knownRegions = (
				English,
				Japanese,
				French,
				German,
			);
			mainGroup = 08FB7794FE84155DC02AAC07 /* genaez */;
			projectDirPath = "";
			projectRoot = "";
			targets = (
				8DD76FA90486AB0100D96B5E /* lds */,
			);
		};
/* End PBXProject section */

/* Begin PBXSourcesBuildPhase section */
		8DD76FAB0486AB0100D96B5E /* Sources */ = {
			isa = PBXSourcesBuildPhase;
			buildActionMask = 2147483647;
			files = (
				4AC95E631FBD165D00ABE415 /* calc_rent_frs_use_aez.c in Sources */,
				4AC95E961FBD165E00ABE415 /* write_text_int.c in Sources */,
				4AC95E711FBD165D00ABE415 /* proc_water_footprint.c in Sources */,
				4AC95E741FBD165D00ABE415 /* read_aez_orig.c in Sources */,
				4AC95E8F1FBD165E00ABE415 /* write_harvestarea_crop_aez.c in Sources */,
				4AC95E761FBD165D00ABE415 /* read_country_fao.c in Sources */,
				4AC95E7D1FBD165D00ABE415 /* read_lu_hyde.c in Sources */,
				4AC95E8D1FBD165E00ABE415 /* write_csv_float3d.c in Sources */,
				4AC95E7A1FBD165D00ABE415 /* read_land_area_hyde.c in Sources */,
				4AC95E6E1FBD165D00ABE415 /* proc_mirca.c in Sources */,
				4AC95E6D1FBD165D00ABE415 /* proc_land_type_area.c in Sources */,
				4AC95E721FBD165D00ABE415 /* read_aez_new.c in Sources */,
				4AC95E5F1FBD165D00ABE415 /* aggregate_use2gcam.c in Sources */,
				4AC95E681FBD165D00ABE415 /* get_land_cells.c in Sources */,
				4AC95E8A1FBD165E00ABE415 /* read_water_footprint.c in Sources */,
				4AC95E7B1FBD165D00ABE415 /* read_land_area_sage.c in Sources */,
				4AC95E901FBD165E00ABE415 /* write_production_crop_aez.c in Sources */,
				4AC95E6C1FBD165D00ABE415 /* parse_utils.c in Sources */,
				4AC95E891FBD165E00ABE415 /* read_veg_carbon.c in Sources */,
				4AC95E671FBD165D00ABE415 /* get_in_args.c in Sources */,
				4AC95E941FBD165E00ABE415 /* write_rent_use_aez.c in Sources */,
				4AC95E621FBD165D00ABE415 /* calc_rent_ag_use_aez.c in Sources */,
				4AC95E811FBD165D00ABE415 /* read_prodprice_fao.c in Sources */,
				4AC95E821FBD165E00ABE415 /* read_production_fao.c in Sources */,
				4AC95E801FBD165D00ABE415 /* read_potveg.c in Sources */,
				4AC95E781FBD165D00ABE415 /* read_crop_info.c in Sources */,
				4AC95E881FBD165E00ABE415 /* read_use_info_gtap.c in Sources */,
				4AC95E841FBD165E00ABE415 /* read_region_info_gcam.c in Sources */,
				4AC95E641FBD165D00ABE415 /* copy_to_destpath.c in Sources */,
				4AC95E951FBD165E00ABE415 /* write_text_char.c in Sources */,
				4AC95E6B1FBD165D00ABE415 /* lds_main.c in Sources */,
				4AC95E731FBD165D00ABE415 /* read_aez_new_info.c in Sources */,
				4AC95E931FBD165E00ABE415 /* write_raster_short.c in Sources */,
				4AC95E751FBD165D00ABE415 /* read_country87_info.c in Sources */,
				4AC95E701FBD165D00ABE415 /* proc_potveg_carbon.c in Sources */,
				4AC95E871FBD165E00ABE415 /* read_soil_carbon.c in Sources */,
				4AC95E771FBD165D00ABE415 /* read_country_info_all.c in Sources */,
				4AC95E5E1FBD165D00ABE415 /* aggregate_crop2gcam.c in Sources */,
				4AC95E861FBD165E00ABE415 /* read_sage_crop.c in Sources */,
				4AC95E911FBD165E00ABE415 /* write_raster_float.c in Sources */,
				4AC95E8B1FBD165E00ABE415 /* read_yield_fao.c in Sources */,
				4AC95E851FBD165E00ABE415 /* read_rent_orig.c in Sources */,
				4AC95E791FBD165D00ABE415 /* read_harvestarea_fao.c in Sources */,
				4AC95E8C1FBD165E00ABE415 /* write_csv_float2d.c in Sources */,
				4AC95E8E1FBD165E00ABE415 /* write_gcam_lut.c in Sources */,
				4AC95E691FBD165D00ABE415 /* get_systime.c in Sources */,
				4AC95E831FBD165E00ABE415 /* read_protected.c in Sources */,
				4AC95E7E1FBD165D00ABE415 /* read_mirca.c in Sources */,
				4AC95E611FBD165D00ABE415 /* calc_potveg_area.c in Sources */,
				4AC95E601FBD165D00ABE415 /* calc_harvarea_prod_out_crop_aez.c in Sources */,
				4AC95E651FBD165D00ABE415 /* get_aez_val.c in Sources */,
				4AC95E6A1FBD165D00ABE415 /* init_lds.c in Sources */,
				4AC95E7C1FBD165D00ABE415 /* read_lt_info_sage.c in Sources */,
				4AC95E661FBD165D00ABE415 /* get_cell_area.c in Sources */,
				4AC95E921FBD165E00ABE415 /* write_raster_int.c in Sources */,
			);
			runOnlyForDeploymentPostprocessing = 0;
		};
/* End PBXSourcesBuildPhase section */

/* Begin XCBuildConfiguration section */
		1DEB928608733DD80010E9CD /* Debug */ = {
			isa = XCBuildConfiguration;
			buildSettings = {
				ALWAYS_SEARCH_USER_PATHS = YES;
				COPY_PHASE_STRIP = NO;
				FRAMEWORK_SEARCH_PATHS = "";
				GCC_C_LANGUAGE_STANDARD = c99;
				GCC_DYNAMIC_NO_PIC = NO;
				GCC_ENABLE_FIX_AND_CONTINUE = YES;
				GCC_INPUT_FILETYPE = sourcecode.c.c;
				GCC_MODEL_TUNING = G5;
				GCC_OPTIMIZATION_LEVEL = 0;
				GCC_WARN_PEDANTIC = YES;
				HEADER_SEARCH_PATHS = "";
				INSTALL_PATH = /usr/local/bin;
				LIBRARY_SEARCH_PATHS = "\"/usr/local/lib\"";
				MACOSX_DEPLOYMENT_TARGET = 10.10;
				ONLY_ACTIVE_ARCH = YES;
				OTHER_LDFLAGS = (
					"-L/usr/local/include",
					"-lnetcdf",
					"-lm",
				);
				PRODUCT_NAME = lds;
				SDKROOT = macosx;
				SKIP_INSTALL = YES;
				USER_HEADER_SEARCH_PATHS = /usr/local/include;
				"USER_HEADER_SEARCH_PATHS[arch=*]" = ./include;
				WARNING_CFLAGS = "-Wall";
			};
			name = Debug;
		};
		1DEB928708733DD80010E9CD /* Release */ = {
			isa = XCBuildConfiguration;
			buildSettings = {
				ALWAYS_SEARCH_USER_PATHS = YES;
				DEBUG_INFORMATION_FORMAT = "dwarf-with-dsym";
				FRAMEWORK_SEARCH_PATHS = "";
				GCC_MODEL_TUNING = G5;
				GCC_WARN_PEDANTIC = YES;
				HEADER_SEARCH_PATHS = "";
				INSTALL_PATH = /usr/local/bin;
				LIBRARY_SEARCH_PATHS = "\"/usr/local/lib\"";
				MACOSX_DEPLOYMENT_TARGET = 10.10;
				ONLY_ACTIVE_ARCH = YES;
				OTHER_LDFLAGS = (
					"-L/usr/local/include",
					"-lnetcdf",
					"-lm",
				);
				PRODUCT_NAME = lds;
				SDKROOT = macosx;
				SKIP_INSTALL = YES;
				USER_HEADER_SEARCH_PATHS = /usr/local/include;
				"USER_HEADER_SEARCH_PATHS[arch=*]" = ./include;
				WARNING_CFLAGS = "-Wall";
			};
			name = Release;
		};
		1DEB928A08733DD80010E9CD /* Debug */ = {
			isa = XCBuildConfiguration;
			buildSettings = {
				ENABLE_TESTABILITY = YES;
				GCC_C_LANGUAGE_STANDARD = gnu99;
				GCC_OPTIMIZATION_LEVEL = 0;
				GCC_WARN_ABOUT_RETURN_TYPE = YES;
				GCC_WARN_UNUSED_VARIABLE = YES;
				ONLY_ACTIVE_ARCH = YES;
				PREBINDING = NO;
				SDKROOT = macosx;
			};
			name = Debug;
		};
		1DEB928B08733DD80010E9CD /* Release */ = {
			isa = XCBuildConfiguration;
			buildSettings = {
				GCC_C_LANGUAGE_STANDARD = gnu99;
				GCC_WARN_ABOUT_RETURN_TYPE = YES;
				GCC_WARN_UNUSED_VARIABLE = YES;
				PREBINDING = NO;
				SDKROOT = macosx;
			};
			name = Release;
		};
/* End XCBuildConfiguration section */

/* Begin XCConfigurationList section */
		1DEB928508733DD80010E9CD /* Build configuration list for PBXNativeTarget "lds" */ = {
			isa = XCConfigurationList;
			buildConfigurations = (
				1DEB928608733DD80010E9CD /* Debug */,
				1DEB928708733DD80010E9CD /* Release */,
			);
			defaultConfigurationIsVisible = 0;
			defaultConfigurationName = Release;
		};
		1DEB928908733DD80010E9CD /* Build configuration list for PBXProject "lds" */ = {
			isa = XCConfigurationList;
			buildConfigurations = (
				1DEB928A08733DD80010E9CD /* Debug */,
				1DEB928B08733DD80010E9CD /* Release */,
			);
			defaultConfigurationIsVisible = 0;
			defaultConfigurationName = Release;
		};
/* End XCConfigurationList section */
	};
	rootObject = 08FB7793FE84155DC02AAC07 /* Project object */;
}
